
Microsoft Visual Studio Solution File, Format Version 12.00
# Visual Studio 2012
Project("{FAE04EC0-301F-11D3-BF4B-00C04F79EFBC}") = "Havel", "Source\Havel.csproj", "{5CCAF1F9-498E-48EE-B978-25E8B634B3AF}"
EndProject
Project("{FAE04EC0-301F-11D3-BF4B-00C04F79EFBC}") = "Havel.Tests", "Havel.Tests\Havel.Tests.csproj", "{1F0206B0-7D36-450D-8C23-10A018B11DCD}"
	ProjectSection(ProjectDependencies) = postProject
		{5CCAF1F9-498E-48EE-B978-25E8B634B3AF} = {5CCAF1F9-498E-48EE-B978-25E8B634B3AF}
	EndProjectSection
EndProject
Global
	GlobalSection(SolutionConfigurationPlatforms) = preSolution
		Debug|Any CPU = Debug|Any CPU
		Release|Any CPU = Release|Any CPU
	EndGlobalSection
	GlobalSection(ProjectConfigurationPlatforms) = postSolution
		{5CCAF1F9-498E-48EE-B978-25E8B634B3AF}.Debug|Any CPU.ActiveCfg = Debug|Any CPU
		{5CCAF1F9-498E-48EE-B978-25E8B634B3AF}.Debug|Any CPU.Build.0 = Debug|Any CPU
		{5CCAF1F9-498E-48EE-B978-25E8B634B3AF}.Release|Any CPU.ActiveCfg = Release|Any CPU
		{5CCAF1F9-498E-48EE-B978-25E8B634B3AF}.Release|Any CPU.Build.0 = Release|Any CPU
		{1F0206B0-7D36-450D-8C23-10A018B11DCD}.Debug|Any CPU.ActiveCfg = Debug|Any CPU
		{1F0206B0-7D36-450D-8C23-10A018B11DCD}.Debug|Any CPU.Build.0 = Debug|Any CPU
		{1F0206B0-7D36-450D-8C23-10A018B11DCD}.Release|Any CPU.ActiveCfg = Release|Any CPU
		{1F0206B0-7D36-450D-8C23-10A018B11DCD}.Release|Any CPU.Build.0 = Release|Any CPU
	EndGlobalSection
	GlobalSection(SolutionProperties) = preSolution
		HideSolutionNode = FALSE
	EndGlobalSection
EndGlobal
